
Microsoft Visual Studio Solution File, Format Version 12.00
# Visual Studio Version 17
VisualStudioVersion = 17.2.32516.85
MinimumVisualStudioVersion = 10.0.40219.1
Project("{FAE04EC0-301F-11D3-BF4B-00C04F79EFBC}") = "RabbitMQ", "RabbitMQ.csproj", "{DCE86465-B4A3-4D38-8B5E-F3A6D4CACEC1}"
EndProject
Global
	GlobalSection(SolutionConfigurationPlatforms) = preSolution
		Debug|Any CPU = Debug|Any CPU
		Release|Any CPU = Release|Any CPU
	EndGlobalSection
	GlobalSection(ProjectConfigurationPlatforms) = postSolution
		{DCE86465-B4A3-4D38-8B5E-F3A6D4CACEC1}.Debug|Any CPU.ActiveCfg = Debug|Any CPU
		{DCE86465-B4A3-4D38-8B5E-F3A6D4CACEC1}.Debug|Any CPU.Build.0 = Debug|Any CPU
		{DCE86465-B4A3-4D38-8B5E-F3A6D4CACEC1}.Release|Any CPU.ActiveCfg = Release|Any CPU
		{DCE86465-B4A3-4D38-8B5E-F3A6D4CACEC1}.Release|Any CPU.Build.0 = Release|Any CPU
	EndGlobalSection
	GlobalSection(SolutionProperties) = preSolution
		HideSolutionNode = FALSE
	EndGlobalSection
	GlobalSection(ExtensibilityGlobals) = postSolution
		SolutionGuid = {9F5B3F4A-F6D2-4E7F-A892-9F9CCD7D22EB}
	EndGlobalSection
EndGlobal
